
Microsoft Visual Studio Solution File, Format Version 12.00
# Visual Studio Version 17
VisualStudioVersion = 17.4.33122.133
MinimumVisualStudioVersion = 10.0.40219.1
Project("{FAE04EC0-301F-11D3-BF4B-00C04F79EFBC}") = "IT100-InterfaceHomework", "IT100-InterfaceHomework\IT100-InterfaceHomework.csproj", "{A2EAABA8-8EEC-445C-95B6-645725A48B2E}"
EndProject
Global
	GlobalSection(SolutionConfigurationPlatforms) = preSolution
		Debug|Any CPU = Debug|Any CPU
		Release|Any CPU = Release|Any CPU
	EndGlobalSection
	GlobalSection(ProjectConfigurationPlatforms) = postSolution
		{A2EAABA8-8EEC-445C-95B6-645725A48B2E}.Debug|Any CPU.ActiveCfg = Debug|Any CPU
		{A2EAABA8-8EEC-445C-95B6-645725A48B2E}.Debug|Any CPU.Build.0 = Debug|Any CPU
		{A2EAABA8-8EEC-445C-95B6-645725A48B2E}.Release|Any CPU.ActiveCfg = Release|Any CPU
		{A2EAABA8-8EEC-445C-95B6-645725A48B2E}.Release|Any CPU.Build.0 = Release|Any CPU
	EndGlobalSection
	GlobalSection(SolutionProperties) = preSolution
		HideSolutionNode = FALSE
	EndGlobalSection
	GlobalSection(ExtensibilityGlobals) = postSolution
		SolutionGuid = {E578A1DA-431F-4FA1-8F4A-A22520323A3B}
	EndGlobalSection
EndGlobal
